// !$*UTF8*$!
{
	archiveVersion = 1;
	classes = {
	};
	objectVersion = 46;
	objects = {

/* Begin PBXBuildFile section */
		D3DB30BE14E1EF9E001FC2E7 /* Cocoa.framework in Frameworks */ = {isa = PBXBuildFile; fileRef = D3DB30BD14E1EF9E001FC2E7 /* Cocoa.framework */; };
		D3DB30C814E1EF9E001FC2E7 /* InfoPlist.strings in Resources */ = {isa = PBXBuildFile; fileRef = D3DB30C614E1EF9E001FC2E7 /* InfoPlist.strings */; };
		D3DB30CA14E1EF9E001FC2E7 /* main.m in Sources */ = {isa = PBXBuildFile; fileRef = D3DB30C914E1EF9E001FC2E7 /* main.m */; };
		D3DB30CE14E1EF9E001FC2E7 /* Credits.rtf in Resources */ = {isa = PBXBuildFile; fileRef = D3DB30CC14E1EF9E001FC2E7 /* Credits.rtf */; };
		D3DB30D114E1EF9E001FC2E7 /* TinCanDesktopAppDelegate.m in Sources */ = {isa = PBXBuildFile; fileRef = D3DB30D014E1EF9E001FC2E7 /* TinCanDesktopAppDelegate.m */; };
		D3DB30D414E1EF9E001FC2E7 /* MainMenu.xib in Resources */ = {isa = PBXBuildFile; fileRef = D3DB30D214E1EF9E001FC2E7 /* MainMenu.xib */; };
		D3DB30DC14E1EF9E001FC2E7 /* SenTestingKit.framework in Frameworks */ = {isa = PBXBuildFile; fileRef = D3DB30DB14E1EF9E001FC2E7 /* SenTestingKit.framework */; };
		D3DB30DD14E1EF9E001FC2E7 /* Cocoa.framework in Frameworks */ = {isa = PBXBuildFile; fileRef = D3DB30BD14E1EF9E001FC2E7 /* Cocoa.framework */; };
		D3DB30E514E1EF9E001FC2E7 /* InfoPlist.strings in Resources */ = {isa = PBXBuildFile; fileRef = D3DB30E314E1EF9E001FC2E7 /* InfoPlist.strings */; };
		D3DB310614E1F386001FC2E7 /* RestKit.framework in Frameworks */ = {isa = PBXBuildFile; fileRef = D3DB310114E1F041001FC2E7 /* RestKit.framework */; };
		D3DB310814E1F39C001FC2E7 /* CoreServices.framework in Frameworks */ = {isa = PBXBuildFile; fileRef = D3DB310714E1F39C001FC2E7 /* CoreServices.framework */; };
		D3DB310A14E1F3DD001FC2E7 /* CoreData.framework in Frameworks */ = {isa = PBXBuildFile; fileRef = D3DB310914E1F3DD001FC2E7 /* CoreData.framework */; };
		D3DB310C14E1F3F7001FC2E7 /* Security.framework in Frameworks */ = {isa = PBXBuildFile; fileRef = D3DB310B14E1F3F7001FC2E7 /* Security.framework */; };
		D3DB310E14E1F400001FC2E7 /* SystemConfiguration.framework in Frameworks */ = {isa = PBXBuildFile; fileRef = D3DB310D14E1F400001FC2E7 /* SystemConfiguration.framework */; };
		D3DB311014E1F410001FC2E7 /* libxml2.dylib in Frameworks */ = {isa = PBXBuildFile; fileRef = D3DB310F14E1F410001FC2E7 /* libxml2.dylib */; };
		D3DB311414E23805001FC2E7 /* StatementView.xib in Resources */ = {isa = PBXBuildFile; fileRef = D3DB311314E23805001FC2E7 /* StatementView.xib */; };
		D3DB311A14E23A6E001FC2E7 /* tincan.png in Resources */ = {isa = PBXBuildFile; fileRef = D3DB311914E23A6E001FC2E7 /* tincan.png */; };
		D3DCAA6114E62B110049950E /* TCActor.m in Sources */ = {isa = PBXBuildFile; fileRef = D3DCAA5714E62B110049950E /* TCActor.m */; };
		D3DCAA6214E62B110049950E /* TCContext.m in Sources */ = {isa = PBXBuildFile; fileRef = D3DCAA5914E62B110049950E /* TCContext.m */; };
		D3DCAA6314E62B110049950E /* TCObject.m in Sources */ = {isa = PBXBuildFile; fileRef = D3DCAA5B14E62B110049950E /* TCObject.m */; };
		D3DCAA6414E62B110049950E /* TCResult.m in Sources */ = {isa = PBXBuildFile; fileRef = D3DCAA5D14E62B110049950E /* TCResult.m */; };
		D3DCAA6514E62B110049950E /* TCStatement.m in Sources */ = {isa = PBXBuildFile; fileRef = D3DCAA5F14E62B110049950E /* TCStatement.m */; };
		D3DCAA6914E632360049950E /* TCLanguageMap.m in Sources */ = {isa = PBXBuildFile; fileRef = D3DCAA6814E632360049950E /* TCLanguageMap.m */; };
		D3DCAA7814E730E30049950E /* TCRequest.m in Sources */ = {isa = PBXBuildFile; fileRef = D3DCAA7714E730E30049950E /* TCRequest.m */; };
		D3DCAA7B14E735380049950E /* TCStatementQueue.m in Sources */ = {isa = PBXBuildFile; fileRef = D3DCAA7A14E735380049950E /* TCStatementQueue.m */; };
		D3DCAA7E14E76B2F0049950E /* TCResponse.m in Sources */ = {isa = PBXBuildFile; fileRef = D3DCAA7D14E76B2F0049950E /* TCResponse.m */; };
		D3DCAA8714E79CEE0049950E /* TCStatementTests.m in Sources */ = {isa = PBXBuildFile; fileRef = D3DCAA8614E79CED0049950E /* TCStatementTests.m */; };
/* End PBXBuildFile section */

/* Begin PBXContainerItemProxy section */
		D3DB30DE14E1EF9E001FC2E7 /* PBXContainerItemProxy */ = {
			isa = PBXContainerItemProxy;
			containerPortal = D3DB30B014E1EF9E001FC2E7 /* Project object */;
			proxyType = 1;
			remoteGlobalIDString = D3DB30B814E1EF9E001FC2E7;
			remoteInfo = TinCanDesktop;
		};
		D3DB30FC14E1F041001FC2E7 /* PBXContainerItemProxy */ = {
			isa = PBXContainerItemProxy;
			containerPortal = D3DB30F214E1F041001FC2E7 /* RestKit.xcodeproj */;
			proxyType = 2;
			remoteGlobalIDString = 25160D1614564E810060A5C5;
			remoteInfo = RestKit;
		};
		D3DB30FE14E1F041001FC2E7 /* PBXContainerItemProxy */ = {
			isa = PBXContainerItemProxy;
			containerPortal = D3DB30F214E1F041001FC2E7 /* RestKit.xcodeproj */;
			proxyType = 2;
			remoteGlobalIDString = 25160D2614564E820060A5C5;
			remoteInfo = RestKitTests;
		};
		D3DB310014E1F041001FC2E7 /* PBXContainerItemProxy */ = {
			isa = PBXContainerItemProxy;
			containerPortal = D3DB30F214E1F041001FC2E7 /* RestKit.xcodeproj */;
			proxyType = 2;
			remoteGlobalIDString = 25160E62145651060060A5C5;
			remoteInfo = RestKitFramework;
		};
		D3DB310214E1F041001FC2E7 /* PBXContainerItemProxy */ = {
			isa = PBXContainerItemProxy;
			containerPortal = D3DB30F214E1F041001FC2E7 /* RestKit.xcodeproj */;
			proxyType = 2;
			remoteGlobalIDString = 25160E78145651060060A5C5;
			remoteInfo = RestKitFrameworkTests;
		};
		D3DB310414E1F31E001FC2E7 /* PBXContainerItemProxy */ = {
			isa = PBXContainerItemProxy;
			containerPortal = D3DB30F214E1F041001FC2E7 /* RestKit.xcodeproj */;
			proxyType = 1;
			remoteGlobalIDString = 25160E61145651060060A5C5;
			remoteInfo = RestKitFramework;
		};
/* End PBXContainerItemProxy section */

/* Begin PBXFileReference section */
		D3DB30B914E1EF9E001FC2E7 /* TinCanDesktop.app */ = {isa = PBXFileReference; explicitFileType = wrapper.application; includeInIndex = 0; path = TinCanDesktop.app; sourceTree = BUILT_PRODUCTS_DIR; };
		D3DB30BD14E1EF9E001FC2E7 /* Cocoa.framework */ = {isa = PBXFileReference; lastKnownFileType = wrapper.framework; name = Cocoa.framework; path = System/Library/Frameworks/Cocoa.framework; sourceTree = SDKROOT; };
		D3DB30C014E1EF9E001FC2E7 /* AppKit.framework */ = {isa = PBXFileReference; lastKnownFileType = wrapper.framework; name = AppKit.framework; path = System/Library/Frameworks/AppKit.framework; sourceTree = SDKROOT; };
		D3DB30C114E1EF9E001FC2E7 /* CoreData.framework */ = {isa = PBXFileReference; lastKnownFileType = wrapper.framework; name = CoreData.framework; path = System/Library/Frameworks/CoreData.framework; sourceTree = SDKROOT; };
		D3DB30C214E1EF9E001FC2E7 /* Foundation.framework */ = {isa = PBXFileReference; lastKnownFileType = wrapper.framework; name = Foundation.framework; path = System/Library/Frameworks/Foundation.framework; sourceTree = SDKROOT; };
		D3DB30C514E1EF9E001FC2E7 /* TinCanDesktop-Info.plist */ = {isa = PBXFileReference; lastKnownFileType = text.plist.xml; path = "TinCanDesktop-Info.plist"; sourceTree = "<group>"; };
		D3DB30C714E1EF9E001FC2E7 /* en */ = {isa = PBXFileReference; lastKnownFileType = text.plist.strings; name = en; path = en.lproj/InfoPlist.strings; sourceTree = "<group>"; };
		D3DB30C914E1EF9E001FC2E7 /* main.m */ = {isa = PBXFileReference; lastKnownFileType = sourcecode.c.objc; path = main.m; sourceTree = "<group>"; };
		D3DB30CB14E1EF9E001FC2E7 /* TinCanDesktop-Prefix.pch */ = {isa = PBXFileReference; lastKnownFileType = sourcecode.c.h; path = "TinCanDesktop-Prefix.pch"; sourceTree = "<group>"; };
		D3DB30CD14E1EF9E001FC2E7 /* en */ = {isa = PBXFileReference; lastKnownFileType = text.rtf; name = en; path = en.lproj/Credits.rtf; sourceTree = "<group>"; };
		D3DB30CF14E1EF9E001FC2E7 /* TinCanDesktopAppDelegate.h */ = {isa = PBXFileReference; lastKnownFileType = sourcecode.c.h; path = TinCanDesktopAppDelegate.h; sourceTree = "<group>"; };
		D3DB30D014E1EF9E001FC2E7 /* TinCanDesktopAppDelegate.m */ = {isa = PBXFileReference; lastKnownFileType = sourcecode.c.objc; path = TinCanDesktopAppDelegate.m; sourceTree = "<group>"; };
		D3DB30D314E1EF9E001FC2E7 /* en */ = {isa = PBXFileReference; lastKnownFileType = file.xib; name = en; path = en.lproj/MainMenu.xib; sourceTree = "<group>"; };
		D3DB30DA14E1EF9E001FC2E7 /* TinCanDesktopTests.octest */ = {isa = PBXFileReference; explicitFileType = wrapper.cfbundle; includeInIndex = 0; path = TinCanDesktopTests.octest; sourceTree = BUILT_PRODUCTS_DIR; };
		D3DB30DB14E1EF9E001FC2E7 /* SenTestingKit.framework */ = {isa = PBXFileReference; lastKnownFileType = wrapper.framework; name = SenTestingKit.framework; path = Library/Frameworks/SenTestingKit.framework; sourceTree = DEVELOPER_DIR; };
		D3DB30E214E1EF9E001FC2E7 /* TinCanDesktopTests-Info.plist */ = {isa = PBXFileReference; lastKnownFileType = text.plist.xml; path = "TinCanDesktopTests-Info.plist"; sourceTree = "<group>"; };
		D3DB30E414E1EF9E001FC2E7 /* en */ = {isa = PBXFileReference; lastKnownFileType = text.plist.strings; name = en; path = en.lproj/InfoPlist.strings; sourceTree = "<group>"; };
		D3DB30F214E1F041001FC2E7 /* RestKit.xcodeproj */ = {isa = PBXFileReference; lastKnownFileType = "wrapper.pb-project"; name = RestKit.xcodeproj; path = RestKit/RestKit.xcodeproj; sourceTree = "<group>"; };
		D3DB310714E1F39C001FC2E7 /* CoreServices.framework */ = {isa = PBXFileReference; lastKnownFileType = wrapper.framework; name = CoreServices.framework; path = System/Library/Frameworks/CoreServices.framework; sourceTree = SDKROOT; };
		D3DB310914E1F3DD001FC2E7 /* CoreData.framework */ = {isa = PBXFileReference; lastKnownFileType = wrapper.framework; name = CoreData.framework; path = System/Library/Frameworks/CoreData.framework; sourceTree = SDKROOT; };
		D3DB310B14E1F3F7001FC2E7 /* Security.framework */ = {isa = PBXFileReference; lastKnownFileType = wrapper.framework; name = Security.framework; path = System/Library/Frameworks/Security.framework; sourceTree = SDKROOT; };
		D3DB310D14E1F400001FC2E7 /* SystemConfiguration.framework */ = {isa = PBXFileReference; lastKnownFileType = wrapper.framework; name = SystemConfiguration.framework; path = System/Library/Frameworks/SystemConfiguration.framework; sourceTree = SDKROOT; };
		D3DB310F14E1F410001FC2E7 /* libxml2.dylib */ = {isa = PBXFileReference; lastKnownFileType = "compiled.mach-o.dylib"; name = libxml2.dylib; path = usr/lib/libxml2.dylib; sourceTree = SDKROOT; };
		D3DB311314E23805001FC2E7 /* StatementView.xib */ = {isa = PBXFileReference; fileEncoding = 4; lastKnownFileType = file.xib; path = StatementView.xib; sourceTree = "<group>"; };
		D3DB311914E23A6E001FC2E7 /* tincan.png */ = {isa = PBXFileReference; lastKnownFileType = image.png; path = tincan.png; sourceTree = "<group>"; };
		D3DCAA5614E62B110049950E /* TCActor.h */ = {isa = PBXFileReference; fileEncoding = 4; lastKnownFileType = sourcecode.c.h; path = TCActor.h; sourceTree = "<group>"; };
		D3DCAA5714E62B110049950E /* TCActor.m */ = {isa = PBXFileReference; fileEncoding = 4; lastKnownFileType = sourcecode.c.objc; path = TCActor.m; sourceTree = "<group>"; };
		D3DCAA5814E62B110049950E /* TCContext.h */ = {isa = PBXFileReference; fileEncoding = 4; lastKnownFileType = sourcecode.c.h; path = TCContext.h; sourceTree = "<group>"; };
		D3DCAA5914E62B110049950E /* TCContext.m */ = {isa = PBXFileReference; fileEncoding = 4; lastKnownFileType = sourcecode.c.objc; path = TCContext.m; sourceTree = "<group>"; };
		D3DCAA5A14E62B110049950E /* TCObject.h */ = {isa = PBXFileReference; fileEncoding = 4; lastKnownFileType = sourcecode.c.h; path = TCObject.h; sourceTree = "<group>"; };
		D3DCAA5B14E62B110049950E /* TCObject.m */ = {isa = PBXFileReference; fileEncoding = 4; lastKnownFileType = sourcecode.c.objc; path = TCObject.m; sourceTree = "<group>"; };
		D3DCAA5C14E62B110049950E /* TCResult.h */ = {isa = PBXFileReference; fileEncoding = 4; lastKnownFileType = sourcecode.c.h; path = TCResult.h; sourceTree = "<group>"; };
		D3DCAA5D14E62B110049950E /* TCResult.m */ = {isa = PBXFileReference; fileEncoding = 4; lastKnownFileType = sourcecode.c.objc; path = TCResult.m; sourceTree = "<group>"; };
		D3DCAA5E14E62B110049950E /* TCStatement.h */ = {isa = PBXFileReference; fileEncoding = 4; lastKnownFileType = sourcecode.c.h; path = TCStatement.h; sourceTree = "<group>"; };
		D3DCAA5F14E62B110049950E /* TCStatement.m */ = {isa = PBXFileReference; fileEncoding = 4; lastKnownFileType = sourcecode.c.objc; path = TCStatement.m; sourceTree = "<group>"; };
		D3DCAA6714E632360049950E /* TCLanguageMap.h */ = {isa = PBXFileReference; fileEncoding = 4; lastKnownFileType = sourcecode.c.h; path = TCLanguageMap.h; sourceTree = "<group>"; };
		D3DCAA6814E632360049950E /* TCLanguageMap.m */ = {isa = PBXFileReference; fileEncoding = 4; lastKnownFileType = sourcecode.c.objc; path = TCLanguageMap.m; sourceTree = "<group>"; };
		D3DCAA7614E730E30049950E /* TCRequest.h */ = {isa = PBXFileReference; fileEncoding = 4; lastKnownFileType = sourcecode.c.h; path = TCRequest.h; sourceTree = "<group>"; };
		D3DCAA7714E730E30049950E /* TCRequest.m */ = {isa = PBXFileReference; fileEncoding = 4; lastKnownFileType = sourcecode.c.objc; path = TCRequest.m; sourceTree = "<group>"; };
		D3DCAA7914E735380049950E /* TCStatementQueue.h */ = {isa = PBXFileReference; fileEncoding = 4; lastKnownFileType = sourcecode.c.h; path = TCStatementQueue.h; sourceTree = "<group>"; };
		D3DCAA7A14E735380049950E /* TCStatementQueue.m */ = {isa = PBXFileReference; fileEncoding = 4; lastKnownFileType = sourcecode.c.objc; path = TCStatementQueue.m; sourceTree = "<group>"; };
		D3DCAA7C14E76B2F0049950E /* TCResponse.h */ = {isa = PBXFileReference; fileEncoding = 4; lastKnownFileType = sourcecode.c.h; path = TCResponse.h; sourceTree = "<group>"; };
		D3DCAA7D14E76B2F0049950E /* TCResponse.m */ = {isa = PBXFileReference; fileEncoding = 4; lastKnownFileType = sourcecode.c.objc; path = TCResponse.m; sourceTree = "<group>"; };
		D3DCAA8514E79CED0049950E /* TCStatementTests.h */ = {isa = PBXFileReference; fileEncoding = 4; lastKnownFileType = sourcecode.c.h; path = TCStatementTests.h; sourceTree = "<group>"; };
		D3DCAA8614E79CED0049950E /* TCStatementTests.m */ = {isa = PBXFileReference; fileEncoding = 4; lastKnownFileType = sourcecode.c.objc; path = TCStatementTests.m; sourceTree = "<group>"; };
/* End PBXFileReference section */

/* Begin PBXFrameworksBuildPhase section */
		D3DB30B614E1EF9E001FC2E7 /* Frameworks */ = {
			isa = PBXFrameworksBuildPhase;
			buildActionMask = 2147483647;
			files = (
				D3DB311014E1F410001FC2E7 /* libxml2.dylib in Frameworks */,
				D3DB310E14E1F400001FC2E7 /* SystemConfiguration.framework in Frameworks */,
				D3DB310C14E1F3F7001FC2E7 /* Security.framework in Frameworks */,
				D3DB310A14E1F3DD001FC2E7 /* CoreData.framework in Frameworks */,
				D3DB310814E1F39C001FC2E7 /* CoreServices.framework in Frameworks */,
				D3DB310614E1F386001FC2E7 /* RestKit.framework in Frameworks */,
				D3DB30BE14E1EF9E001FC2E7 /* Cocoa.framework in Frameworks */,
			);
			runOnlyForDeploymentPostprocessing = 0;
		};
		D3DB30D614E1EF9E001FC2E7 /* Frameworks */ = {
			isa = PBXFrameworksBuildPhase;
			buildActionMask = 2147483647;
			files = (
				D3DB30DC14E1EF9E001FC2E7 /* SenTestingKit.framework in Frameworks */,
				D3DB30DD14E1EF9E001FC2E7 /* Cocoa.framework in Frameworks */,
			);
			runOnlyForDeploymentPostprocessing = 0;
		};
/* End PBXFrameworksBuildPhase section */

/* Begin PBXGroup section */
		D3DB30AE14E1EF9E001FC2E7 = {
			isa = PBXGroup;
			children = (
				D3DCAA6614E62B1B0049950E /* TinCanConnector */,
				D3DB30F214E1F041001FC2E7 /* RestKit.xcodeproj */,
				D3DB30C314E1EF9E001FC2E7 /* TinCanDesktop */,
				D3DB30E014E1EF9E001FC2E7 /* TinCanConnectorTests */,
				D3DB30BC14E1EF9E001FC2E7 /* Frameworks */,
				D3DB30BA14E1EF9E001FC2E7 /* Products */,
			);
			sourceTree = "<group>";
		};
		D3DB30BA14E1EF9E001FC2E7 /* Products */ = {
			isa = PBXGroup;
			children = (
				D3DB30B914E1EF9E001FC2E7 /* TinCanDesktop.app */,
				D3DB30DA14E1EF9E001FC2E7 /* TinCanDesktopTests.octest */,
			);
			name = Products;
			sourceTree = "<group>";
		};
		D3DB30BC14E1EF9E001FC2E7 /* Frameworks */ = {
			isa = PBXGroup;
			children = (
				D3DB310F14E1F410001FC2E7 /* libxml2.dylib */,
				D3DB310D14E1F400001FC2E7 /* SystemConfiguration.framework */,
				D3DB310B14E1F3F7001FC2E7 /* Security.framework */,
				D3DB310914E1F3DD001FC2E7 /* CoreData.framework */,
				D3DB310714E1F39C001FC2E7 /* CoreServices.framework */,
				D3DB30BD14E1EF9E001FC2E7 /* Cocoa.framework */,
				D3DB30DB14E1EF9E001FC2E7 /* SenTestingKit.framework */,
				D3DB30BF14E1EF9E001FC2E7 /* Other Frameworks */,
			);
			name = Frameworks;
			sourceTree = "<group>";
		};
		D3DB30BF14E1EF9E001FC2E7 /* Other Frameworks */ = {
			isa = PBXGroup;
			children = (
				D3DB30C014E1EF9E001FC2E7 /* AppKit.framework */,
				D3DB30C114E1EF9E001FC2E7 /* CoreData.framework */,
				D3DB30C214E1EF9E001FC2E7 /* Foundation.framework */,
			);
			name = "Other Frameworks";
			sourceTree = "<group>";
		};
		D3DB30C314E1EF9E001FC2E7 /* TinCanDesktop */ = {
			isa = PBXGroup;
			children = (
				D3DB311914E23A6E001FC2E7 /* tincan.png */,
				D3DB30CF14E1EF9E001FC2E7 /* TinCanDesktopAppDelegate.h */,
				D3DB30D014E1EF9E001FC2E7 /* TinCanDesktopAppDelegate.m */,
				D3DB30D214E1EF9E001FC2E7 /* MainMenu.xib */,
				D3DB30C414E1EF9E001FC2E7 /* Supporting Files */,
				D3DB311314E23805001FC2E7 /* StatementView.xib */,
			);
			path = TinCanDesktop;
			sourceTree = "<group>";
		};
		D3DB30C414E1EF9E001FC2E7 /* Supporting Files */ = {
			isa = PBXGroup;
			children = (
				D3DB30C514E1EF9E001FC2E7 /* TinCanDesktop-Info.plist */,
				D3DB30C614E1EF9E001FC2E7 /* InfoPlist.strings */,
				D3DB30C914E1EF9E001FC2E7 /* main.m */,
				D3DB30CB14E1EF9E001FC2E7 /* TinCanDesktop-Prefix.pch */,
				D3DB30CC14E1EF9E001FC2E7 /* Credits.rtf */,
			);
			name = "Supporting Files";
			sourceTree = "<group>";
		};
		D3DB30E014E1EF9E001FC2E7 /* TinCanConnectorTests */ = {
			isa = PBXGroup;
			children = (
				D3DB30E114E1EF9E001FC2E7 /* Supporting Files */,
				D3DCAA8514E79CED0049950E /* TCStatementTests.h */,
				D3DCAA8614E79CED0049950E /* TCStatementTests.m */,
			);
			name = TinCanConnectorTests;
			path = TinCanDesktopTests;
			sourceTree = "<group>";
		};
		D3DB30E114E1EF9E001FC2E7 /* Supporting Files */ = {
			isa = PBXGroup;
			children = (
				D3DB30E214E1EF9E001FC2E7 /* TinCanDesktopTests-Info.plist */,
				D3DB30E314E1EF9E001FC2E7 /* InfoPlist.strings */,
			);
			name = "Supporting Files";
			sourceTree = "<group>";
		};
		D3DB30F314E1F041001FC2E7 /* Products */ = {
			isa = PBXGroup;
			children = (
				D3DB30FD14E1F041001FC2E7 /* libRestKit.a */,
				D3DB30FF14E1F041001FC2E7 /* RestKitTests.octest */,
				D3DB310114E1F041001FC2E7 /* RestKit.framework */,
				D3DB310314E1F041001FC2E7 /* RestKitFrameworkTests.octest */,
			);
			name = Products;
			sourceTree = "<group>";
		};
		D3DCAA6614E62B1B0049950E /* TinCanConnector */ = {
			isa = PBXGroup;
			children = (
				D3DCAA5614E62B110049950E /* TCActor.h */,
				D3DCAA5714E62B110049950E /* TCActor.m */,
				D3DCAA5814E62B110049950E /* TCContext.h */,
				D3DCAA5914E62B110049950E /* TCContext.m */,
				D3DCAA5A14E62B110049950E /* TCObject.h */,
				D3DCAA5B14E62B110049950E /* TCObject.m */,
				D3DCAA5C14E62B110049950E /* TCResult.h */,
				D3DCAA5D14E62B110049950E /* TCResult.m */,
				D3DCAA5E14E62B110049950E /* TCStatement.h */,
				D3DCAA5F14E62B110049950E /* TCStatement.m */,
				D3DCAA6714E632360049950E /* TCLanguageMap.h */,
				D3DCAA6814E632360049950E /* TCLanguageMap.m */,
				D3DCAA7614E730E30049950E /* TCRequest.h */,
				D3DCAA7714E730E30049950E /* TCRequest.m */,
				D3DCAA7914E735380049950E /* TCStatementQueue.h */,
				D3DCAA7A14E735380049950E /* TCStatementQueue.m */,
				D3DCAA7C14E76B2F0049950E /* TCResponse.h */,
				D3DCAA7D14E76B2F0049950E /* TCResponse.m */,
			);
			name = TinCanConnector;
			sourceTree = "<group>";
		};
/* End PBXGroup section */

/* Begin PBXNativeTarget section */
		D3DB30B814E1EF9E001FC2E7 /* TinCanDesktop */ = {
			isa = PBXNativeTarget;
			buildConfigurationList = D3DB30EC14E1EF9E001FC2E7 /* Build configuration list for PBXNativeTarget "TinCanDesktop" */;
			buildPhases = (
				D3DB30B514E1EF9E001FC2E7 /* Sources */,
				D3DB30B614E1EF9E001FC2E7 /* Frameworks */,
				D3DB30B714E1EF9E001FC2E7 /* Resources */,
			);
			buildRules = (
			);
			dependencies = (
				D3DB310514E1F31E001FC2E7 /* PBXTargetDependency */,
			);
			name = TinCanDesktop;
			productName = TinCanDesktop;
			productReference = D3DB30B914E1EF9E001FC2E7 /* TinCanDesktop.app */;
			productType = "com.apple.product-type.application";
		};
		D3DB30D914E1EF9E001FC2E7 /* TinCanDesktopTests */ = {
			isa = PBXNativeTarget;
			buildConfigurationList = D3DB30EF14E1EF9E001FC2E7 /* Build configuration list for PBXNativeTarget "TinCanDesktopTests" */;
			buildPhases = (
				D3DB30D514E1EF9E001FC2E7 /* Sources */,
				D3DB30D614E1EF9E001FC2E7 /* Frameworks */,
				D3DB30D714E1EF9E001FC2E7 /* Resources */,
				D3DB30D814E1EF9E001FC2E7 /* ShellScript */,
			);
			buildRules = (
			);
			dependencies = (
				D3DB30DF14E1EF9E001FC2E7 /* PBXTargetDependency */,
			);
			name = TinCanDesktopTests;
			productName = TinCanDesktopTests;
			productReference = D3DB30DA14E1EF9E001FC2E7 /* TinCanDesktopTests.octest */;
			productType = "com.apple.product-type.bundle";
		};
/* End PBXNativeTarget section */

/* Begin PBXProject section */
		D3DB30B014E1EF9E001FC2E7 /* Project object */ = {
			isa = PBXProject;
			attributes = {
				ORGANIZATIONNAME = "Rustici Software";
			};
			buildConfigurationList = D3DB30B314E1EF9E001FC2E7 /* Build configuration list for PBXProject "TinCanDesktop" */;
			compatibilityVersion = "Xcode 3.2";
			developmentRegion = English;
			hasScannedForEncodings = 0;
			knownRegions = (
				en,
			);
			mainGroup = D3DB30AE14E1EF9E001FC2E7;
			productRefGroup = D3DB30BA14E1EF9E001FC2E7 /* Products */;
			projectDirPath = "";
			projectReferences = (
				{
					ProductGroup = D3DB30F314E1F041001FC2E7 /* Products */;
					ProjectRef = D3DB30F214E1F041001FC2E7 /* RestKit.xcodeproj */;
				},
			);
			projectRoot = "";
			targets = (
				D3DB30B814E1EF9E001FC2E7 /* TinCanDesktop */,
				D3DB30D914E1EF9E001FC2E7 /* TinCanDesktopTests */,
			);
		};
/* End PBXProject section */

/* Begin PBXReferenceProxy section */
		D3DB30FD14E1F041001FC2E7 /* libRestKit.a */ = {
			isa = PBXReferenceProxy;
			fileType = archive.ar;
			path = libRestKit.a;
			remoteRef = D3DB30FC14E1F041001FC2E7 /* PBXContainerItemProxy */;
			sourceTree = BUILT_PRODUCTS_DIR;
		};
		D3DB30FF14E1F041001FC2E7 /* RestKitTests.octest */ = {
			isa = PBXReferenceProxy;
			fileType = wrapper.cfbundle;
			path = RestKitTests.octest;
			remoteRef = D3DB30FE14E1F041001FC2E7 /* PBXContainerItemProxy */;
			sourceTree = BUILT_PRODUCTS_DIR;
		};
		D3DB310114E1F041001FC2E7 /* RestKit.framework */ = {
			isa = PBXReferenceProxy;
			fileType = wrapper.framework;
			path = RestKit.framework;
			remoteRef = D3DB310014E1F041001FC2E7 /* PBXContainerItemProxy */;
			sourceTree = BUILT_PRODUCTS_DIR;
		};
		D3DB310314E1F041001FC2E7 /* RestKitFrameworkTests.octest */ = {
			isa = PBXReferenceProxy;
			fileType = wrapper.cfbundle;
			path = RestKitFrameworkTests.octest;
			remoteRef = D3DB310214E1F041001FC2E7 /* PBXContainerItemProxy */;
			sourceTree = BUILT_PRODUCTS_DIR;
		};
/* End PBXReferenceProxy section */

/* Begin PBXResourcesBuildPhase section */
		D3DB30B714E1EF9E001FC2E7 /* Resources */ = {
			isa = PBXResourcesBuildPhase;
			buildActionMask = 2147483647;
			files = (
				D3DB30C814E1EF9E001FC2E7 /* InfoPlist.strings in Resources */,
				D3DB30CE14E1EF9E001FC2E7 /* Credits.rtf in Resources */,
				D3DB30D414E1EF9E001FC2E7 /* MainMenu.xib in Resources */,
				D3DB311414E23805001FC2E7 /* StatementView.xib in Resources */,
				D3DB311A14E23A6E001FC2E7 /* tincan.png in Resources */,
			);
			runOnlyForDeploymentPostprocessing = 0;
		};
		D3DB30D714E1EF9E001FC2E7 /* Resources */ = {
			isa = PBXResourcesBuildPhase;
			buildActionMask = 2147483647;
			files = (
				D3DB30E514E1EF9E001FC2E7 /* InfoPlist.strings in Resources */,
			);
			runOnlyForDeploymentPostprocessing = 0;
		};
/* End PBXResourcesBuildPhase section */

/* Begin PBXShellScriptBuildPhase section */
		D3DB30D814E1EF9E001FC2E7 /* ShellScript */ = {
			isa = PBXShellScriptBuildPhase;
			buildActionMask = 2147483647;
			files = (
			);
			inputPaths = (
			);
			outputPaths = (
			);
			runOnlyForDeploymentPostprocessing = 0;
			shellPath = /bin/sh;
			shellScript = "# Run the unit tests in this test bundle.\n\"${SYSTEM_DEVELOPER_DIR}/Tools/RunUnitTests\"\n";
		};
/* End PBXShellScriptBuildPhase section */

/* Begin PBXSourcesBuildPhase section */
		D3DB30B514E1EF9E001FC2E7 /* Sources */ = {
			isa = PBXSourcesBuildPhase;
			buildActionMask = 2147483647;
			files = (
				D3DB30CA14E1EF9E001FC2E7 /* main.m in Sources */,
				D3DB30D114E1EF9E001FC2E7 /* TinCanDesktopAppDelegate.m in Sources */,
				D3DCAA6114E62B110049950E /* TCActor.m in Sources */,
				D3DCAA6214E62B110049950E /* TCContext.m in Sources */,
				D3DCAA6314E62B110049950E /* TCObject.m in Sources */,
				D3DCAA6414E62B110049950E /* TCResult.m in Sources */,
				D3DCAA6514E62B110049950E /* TCStatement.m in Sources */,
				D3DCAA6914E632360049950E /* TCLanguageMap.m in Sources */,
				D3DCAA7814E730E30049950E /* TCRequest.m in Sources */,
				D3DCAA7B14E735380049950E /* TCStatementQueue.m in Sources */,
				D3DCAA7E14E76B2F0049950E /* TCResponse.m in Sources */,
			);
			runOnlyForDeploymentPostprocessing = 0;
		};
		D3DB30D514E1EF9E001FC2E7 /* Sources */ = {
			isa = PBXSourcesBuildPhase;
			buildActionMask = 2147483647;
			files = (
				D3DCAA8714E79CEE0049950E /* TCStatementTests.m in Sources */,
			);
			runOnlyForDeploymentPostprocessing = 0;
		};
/* End PBXSourcesBuildPhase section */

/* Begin PBXTargetDependency section */
		D3DB30DF14E1EF9E001FC2E7 /* PBXTargetDependency */ = {
			isa = PBXTargetDependency;
			target = D3DB30B814E1EF9E001FC2E7 /* TinCanDesktop */;
			targetProxy = D3DB30DE14E1EF9E001FC2E7 /* PBXContainerItemProxy */;
		};
		D3DB310514E1F31E001FC2E7 /* PBXTargetDependency */ = {
			isa = PBXTargetDependency;
			name = RestKitFramework;
			targetProxy = D3DB310414E1F31E001FC2E7 /* PBXContainerItemProxy */;
		};
/* End PBXTargetDependency section */

/* Begin PBXVariantGroup section */
		D3DB30C614E1EF9E001FC2E7 /* InfoPlist.strings */ = {
			isa = PBXVariantGroup;
			children = (
				D3DB30C714E1EF9E001FC2E7 /* en */,
			);
			name = InfoPlist.strings;
			sourceTree = "<group>";
		};
		D3DB30CC14E1EF9E001FC2E7 /* Credits.rtf */ = {
			isa = PBXVariantGroup;
			children = (
				D3DB30CD14E1EF9E001FC2E7 /* en */,
			);
			name = Credits.rtf;
			sourceTree = "<group>";
		};
		D3DB30D214E1EF9E001FC2E7 /* MainMenu.xib */ = {
			isa = PBXVariantGroup;
			children = (
				D3DB30D314E1EF9E001FC2E7 /* en */,
			);
			name = MainMenu.xib;
			sourceTree = "<group>";
		};
		D3DB30E314E1EF9E001FC2E7 /* InfoPlist.strings */ = {
			isa = PBXVariantGroup;
			children = (
				D3DB30E414E1EF9E001FC2E7 /* en */,
			);
			name = InfoPlist.strings;
			sourceTree = "<group>";
		};
/* End PBXVariantGroup section */

/* Begin XCBuildConfiguration section */
		D3DB30EA14E1EF9E001FC2E7 /* Debug */ = {
			isa = XCBuildConfiguration;
			buildSettings = {
				ALWAYS_SEARCH_USER_PATHS = NO;
				ARCHS = "$(ARCHS_STANDARD_64_BIT)";
				COPY_PHASE_STRIP = NO;
				GCC_C_LANGUAGE_STANDARD = gnu99;
				GCC_DYNAMIC_NO_PIC = NO;
				GCC_ENABLE_OBJC_EXCEPTIONS = YES;
				GCC_OPTIMIZATION_LEVEL = 0;
				GCC_PREPROCESSOR_DEFINITIONS = (
					"DEBUG=1",
					"$(inherited)",
				);
				GCC_SYMBOLS_PRIVATE_EXTERN = NO;
				GCC_VERSION = com.apple.compilers.llvm.clang.1_0;
				GCC_WARN_64_TO_32_BIT_CONVERSION = YES;
				GCC_WARN_ABOUT_MISSING_PROTOTYPES = YES;
				GCC_WARN_ABOUT_RETURN_TYPE = YES;
				GCC_WARN_UNUSED_VARIABLE = YES;
				MACOSX_DEPLOYMENT_TARGET = 10.7;
				ONLY_ACTIVE_ARCH = YES;
				SDKROOT = macosx;
			};
			name = Debug;
		};
		D3DB30EB14E1EF9E001FC2E7 /* Release */ = {
			isa = XCBuildConfiguration;
			buildSettings = {
				ALWAYS_SEARCH_USER_PATHS = NO;
				ARCHS = "$(ARCHS_STANDARD_64_BIT)";
				COPY_PHASE_STRIP = YES;
				DEBUG_INFORMATION_FORMAT = "dwarf-with-dsym";
				GCC_C_LANGUAGE_STANDARD = gnu99;
				GCC_ENABLE_OBJC_EXCEPTIONS = YES;
				GCC_VERSION = com.apple.compilers.llvm.clang.1_0;
				GCC_WARN_64_TO_32_BIT_CONVERSION = YES;
				GCC_WARN_ABOUT_MISSING_PROTOTYPES = YES;
				GCC_WARN_ABOUT_RETURN_TYPE = YES;
				GCC_WARN_UNUSED_VARIABLE = YES;
				MACOSX_DEPLOYMENT_TARGET = 10.7;
				SDKROOT = macosx;
			};
			name = Release;
		};
		D3DB30ED14E1EF9E001FC2E7 /* Debug */ = {
			isa = XCBuildConfiguration;
			buildSettings = {
				GCC_PRECOMPILE_PREFIX_HEADER = YES;
				GCC_PREFIX_HEADER = "TinCanDesktop/TinCanDesktop-Prefix.pch";
				"HEADER_SEARCH_PATHS[arch=*]" = "\"$(SOURCE_ROOT)/RestKit/Build\"";
				INFOPLIST_FILE = "TinCanDesktop/TinCanDesktop-Info.plist";
				"OTHER_LDFLAGS[arch=*]" = "-ObjC";
				PRODUCT_NAME = "$(TARGET_NAME)";
				WRAPPER_EXTENSION = app;
			};
			name = Debug;
		};
		D3DB30EE14E1EF9E001FC2E7 /* Release */ = {
			isa = XCBuildConfiguration;
			buildSettings = {
				GCC_PRECOMPILE_PREFIX_HEADER = YES;
				GCC_PREFIX_HEADER = "TinCanDesktop/TinCanDesktop-Prefix.pch";
				INFOPLIST_FILE = "TinCanDesktop/TinCanDesktop-Info.plist";
				PRODUCT_NAME = "$(TARGET_NAME)";
				WRAPPER_EXTENSION = app;
			};
			name = Release;
		};
		D3DB30F014E1EF9E001FC2E7 /* Debug */ = {
			isa = XCBuildConfiguration;
			buildSettings = {
				BUNDLE_LOADER = "$(BUILT_PRODUCTS_DIR)/TinCanDesktop.app/Contents/MacOS/TinCanDesktop";
				FRAMEWORK_SEARCH_PATHS = "$(DEVELOPER_LIBRARY_DIR)/Frameworks";
				GCC_PRECOMPILE_PREFIX_HEADER = YES;
				GCC_PREFIX_HEADER = "TinCanDesktop/TinCanDesktop-Prefix.pch";
				INFOPLIST_FILE = "TinCanDesktopTests/TinCanDesktopTests-Info.plist";
				PRODUCT_NAME = "$(TARGET_NAME)";
				TEST_HOST = "$(BUNDLE_LOADER)";
				WRAPPER_EXTENSION = octest;
			};
			name = Debug;
		};
		D3DB30F114E1EF9E001FC2E7 /* Release */ = {
			isa = XCBuildConfiguration;
			buildSettings = {
				BUNDLE_LOADER = "$(BUILT_PRODUCTS_DIR)/TinCanDesktop.app/Contents/MacOS/TinCanDesktop";
				FRAMEWORK_SEARCH_PATHS = "$(DEVELOPER_LIBRARY_DIR)/Frameworks";
				GCC_PRECOMPILE_PREFIX_HEADER = YES;
				GCC_PREFIX_HEADER = "TinCanDesktop/TinCanDesktop-Prefix.pch";
				INFOPLIST_FILE = "TinCanDesktopTests/TinCanDesktopTests-Info.plist";
				PRODUCT_NAME = "$(TARGET_NAME)";
				TEST_HOST = "$(BUNDLE_LOADER)";
				WRAPPER_EXTENSION = octest;
			};
			name = Release;
		};
/* End XCBuildConfiguration section */

/* Begin XCConfigurationList section */
		D3DB30B314E1EF9E001FC2E7 /* Build configuration list for PBXProject "TinCanDesktop" */ = {
			isa = XCConfigurationList;
			buildConfigurations = (
				D3DB30EA14E1EF9E001FC2E7 /* Debug */,
				D3DB30EB14E1EF9E001FC2E7 /* Release */,
			);
			defaultConfigurationIsVisible = 0;
			defaultConfigurationName = Release;
		};
		D3DB30EC14E1EF9E001FC2E7 /* Build configuration list for PBXNativeTarget "TinCanDesktop" */ = {
			isa = XCConfigurationList;
			buildConfigurations = (
				D3DB30ED14E1EF9E001FC2E7 /* Debug */,
				D3DB30EE14E1EF9E001FC2E7 /* Release */,
			);
			defaultConfigurationIsVisible = 0;
			defaultConfigurationName = Release;
		};
		D3DB30EF14E1EF9E001FC2E7 /* Build configuration list for PBXNativeTarget "TinCanDesktopTests" */ = {
			isa = XCConfigurationList;
			buildConfigurations = (
				D3DB30F014E1EF9E001FC2E7 /* Debug */,
				D3DB30F114E1EF9E001FC2E7 /* Release */,
			);
			defaultConfigurationIsVisible = 0;
			defaultConfigurationName = Release;
		};
/* End XCConfigurationList section */
	};
	rootObject = D3DB30B014E1EF9E001FC2E7 /* Project object */;
}
